// !$*UTF8*$!
{
	archiveVersion = 1;
	classes = {
	};
	objectVersion = 46;
	objects = {

/* Begin PBXBuildFile section */
		540CB5491F258E410058C1CC /* Date+Extension.swift in Sources */ = {isa = PBXBuildFile; fileRef = 540CB5481F258E410058C1CC /* Date+Extension.swift */; };
		540CB58B1F25CEDB0058C1CC /* delete.png in Resources */ = {isa = PBXBuildFile; fileRef = 540CB5891F25CEDB0058C1CC /* delete.png */; };
		540CB58C1F25CEDB0058C1CC /* reEdit.png in Resources */ = {isa = PBXBuildFile; fileRef = 540CB58A1F25CEDB0058C1CC /* reEdit.png */; };
		540CB58E1F25EEC40058C1CC /* EditButton.swift in Sources */ = {isa = PBXBuildFile; fileRef = 540CB58D1F25EEC40058C1CC /* EditButton.swift */; };
		540CB5901F25EFF60058C1CC /* write.png in Resources */ = {isa = PBXBuildFile; fileRef = 540CB58F1F25EFF60058C1CC /* write.png */; };
		540CB5921F2839A60058C1CC /* TextEditView.swift in Sources */ = {isa = PBXBuildFile; fileRef = 540CB5911F2839A60058C1CC /* TextEditView.swift */; };
		540CB5941F2878B40058C1CC /* ClockView.swift in Sources */ = {isa = PBXBuildFile; fileRef = 540CB5931F2878B40058C1CC /* ClockView.swift */; };
		540CB5961F28B32C0058C1CC /* PullHeaderView.swift in Sources */ = {isa = PBXBuildFile; fileRef = 540CB5951F28B32C0058C1CC /* PullHeaderView.swift */; };
		540CB5981F299E850058C1CC /* FocusModelViewController.swift in Sources */ = {isa = PBXBuildFile; fileRef = 540CB5971F299E850058C1CC /* FocusModelViewController.swift */; };
		540CB59C1F29DC720058C1CC /* CountTimeView.swift in Sources */ = {isa = PBXBuildFile; fileRef = 540CB59B1F29DC720058C1CC /* CountTimeView.swift */; };
		540CB59E1F2B0D030058C1CC /* SingleOnce.swift in Sources */ = {isa = PBXBuildFile; fileRef = 540CB59D1F2B0D020058C1CC /* SingleOnce.swift */; };
		540CB5A01F2B45220058C1CC /* SearchTaskViewController.swift in Sources */ = {isa = PBXBuildFile; fileRef = 540CB59F1F2B45220058C1CC /* SearchTaskViewController.swift */; };
		542296021F185E39009EBADD /* AppDelegate.swift in Sources */ = {isa = PBXBuildFile; fileRef = 542296011F185E39009EBADD /* AppDelegate.swift */; };
		542296071F185E39009EBADD /* Main.storyboard in Resources */ = {isa = PBXBuildFile; fileRef = 542296051F185E39009EBADD /* Main.storyboard */; };
		542296091F185E39009EBADD /* Assets.xcassets in Resources */ = {isa = PBXBuildFile; fileRef = 542296081F185E39009EBADD /* Assets.xcassets */; };
		5422960C1F185E39009EBADD /* LaunchScreen.storyboard in Resources */ = {isa = PBXBuildFile; fileRef = 5422960A1F185E39009EBADD /* LaunchScreen.storyboard */; };
		542296171F185E39009EBADD /* WorkListTests.swift in Sources */ = {isa = PBXBuildFile; fileRef = 542296161F185E39009EBADD /* WorkListTests.swift */; };
		542296221F185E39009EBADD /* WorkListUITests.swift in Sources */ = {isa = PBXBuildFile; fileRef = 542296211F185E39009EBADD /* WorkListUITests.swift */; };
		54534F801F1F405C00C3C7AA /* close.png in Resources */ = {isa = PBXBuildFile; fileRef = 54534F7D1F1F405C00C3C7AA /* close.png */; };
		54534F821F1F405C00C3C7AA /* setting.png in Resources */ = {isa = PBXBuildFile; fileRef = 54534F7F1F1F405C00C3C7AA /* setting.png */; };
		54534F841F1F420C00C3C7AA /* suiji.png in Resources */ = {isa = PBXBuildFile; fileRef = 54534F831F1F420C00C3C7AA /* suiji.png */; };
		54534F861F1F422100C3C7AA /* naozhong.png in Resources */ = {isa = PBXBuildFile; fileRef = 54534F851F1F422100C3C7AA /* naozhong.png */; };
		54534F881F20C99200C3C7AA /* MainViewController.swift in Sources */ = {isa = PBXBuildFile; fileRef = 54534F871F20C99200C3C7AA /* MainViewController.swift */; };
		54534F8A1F20CA4C00C3C7AA /* Task.swift in Sources */ = {isa = PBXBuildFile; fileRef = 54534F891F20CA4C00C3C7AA /* Task.swift */; };
		54534F8C1F21B10200C3C7AA /* MainTableViewCell.swift in Sources */ = {isa = PBXBuildFile; fileRef = 54534F8B1F21B10200C3C7AA /* MainTableViewCell.swift */; };
		54534F8E1F21D9DC00C3C7AA /* UILabel+Extension.swift in Sources */ = {isa = PBXBuildFile; fileRef = 54534F8D1F21D9DC00C3C7AA /* UILabel+Extension.swift */; };
		9903D17F98DE9E2598C13C08 /* Pods_WorkListTests.framework in Frameworks */ = {isa = PBXBuildFile; fileRef = B1FCC0B04594C99DF126C57A /* Pods_WorkListTests.framework */; };
		ABCBF1A91F19C7FF00221E00 /* BaseViewController.swift in Sources */ = {isa = PBXBuildFile; fileRef = ABCBF1A81F19C7FF00221E00 /* BaseViewController.swift */; };
		ABCBF1AB1F19C83A00221E00 /* BaseNavigationController.swift in Sources */ = {isa = PBXBuildFile; fileRef = ABCBF1AA1F19C83A00221E00 /* BaseNavigationController.swift */; };
		ABCBF1AD1F19C87C00221E00 /* ProjectSetting.swift in Sources */ = {isa = PBXBuildFile; fileRef = ABCBF1AC1F19C87C00221E00 /* ProjectSetting.swift */; };
		ABCBF1AF1F19C97700221E00 /* Color.swift in Sources */ = {isa = PBXBuildFile; fileRef = ABCBF1AE1F19C97700221E00 /* Color.swift */; };
		ABCBF1C01F1A18DE00221E00 /* DataManager.swift in Sources */ = {isa = PBXBuildFile; fileRef = ABCBF1BF1F1A18DE00221E00 /* DataManager.swift */; };
		ABCBF1C31F1A1FAA00221E00 /* Realm.framework in Frameworks */ = {isa = PBXBuildFile; fileRef = ABCBF1C11F1A1FAA00221E00 /* Realm.framework */; };
		ABCBF1C41F1A1FAA00221E00 /* Realm.framework in Embed Frameworks */ = {isa = PBXBuildFile; fileRef = ABCBF1C11F1A1FAA00221E00 /* Realm.framework */; settings = {ATTRIBUTES = (CodeSignOnCopy, RemoveHeadersOnCopy, ); }; };
		ABCBF1C51F1A1FAA00221E00 /* RealmSwift.framework in Frameworks */ = {isa = PBXBuildFile; fileRef = ABCBF1C21F1A1FAA00221E00 /* RealmSwift.framework */; };
		ABCBF1C61F1A1FAA00221E00 /* RealmSwift.framework in Embed Frameworks */ = {isa = PBXBuildFile; fileRef = ABCBF1C21F1A1FAA00221E00 /* RealmSwift.framework */; settings = {ATTRIBUTES = (CodeSignOnCopy, RemoveHeadersOnCopy, ); }; };
		ABDDB04B1F1B543B00C4B986 /* Delay.swift in Sources */ = {isa = PBXBuildFile; fileRef = ABDDB04A1F1B543B00C4B986 /* Delay.swift */; };
		B58BACE12D3689B9188FD385 /* Pods_WorkListUITests.framework in Frameworks */ = {isa = PBXBuildFile; fileRef = 4456212590B0A1F9E9CF1EE4 /* Pods_WorkListUITests.framework */; };
		EB468490A5FCA961204E0891 /* Pods_WorkList.framework in Frameworks */ = {isa = PBXBuildFile; fileRef = 098FDC188A1C43BC072CBDF6 /* Pods_WorkList.framework */; };
/* End PBXBuildFile section */

/* Begin PBXContainerItemProxy section */
		542296131F185E39009EBADD /* PBXContainerItemProxy */ = {
			isa = PBXContainerItemProxy;
			containerPortal = 542295F61F185E39009EBADD /* Project object */;
			proxyType = 1;
			remoteGlobalIDString = 542295FD1F185E39009EBADD;
			remoteInfo = WorkList;
		};
		5422961E1F185E39009EBADD /* PBXContainerItemProxy */ = {
			isa = PBXContainerItemProxy;
			containerPortal = 542295F61F185E39009EBADD /* Project object */;
			proxyType = 1;
			remoteGlobalIDString = 542295FD1F185E39009EBADD;
			remoteInfo = WorkList;
		};
/* End PBXContainerItemProxy section */

/* Begin PBXCopyFilesBuildPhase section */
		ABCBF1C71F1A1FAA00221E00 /* Embed Frameworks */ = {
			isa = PBXCopyFilesBuildPhase;
			buildActionMask = 2147483647;
			dstPath = "";
			dstSubfolderSpec = 10;
			files = (
				ABCBF1C61F1A1FAA00221E00 /* RealmSwift.framework in Embed Frameworks */,
				ABCBF1C41F1A1FAA00221E00 /* Realm.framework in Embed Frameworks */,
			);
			name = "Embed Frameworks";
			runOnlyForDeploymentPostprocessing = 0;
		};
/* End PBXCopyFilesBuildPhase section */

/* Begin PBXFileReference section */
		098FDC188A1C43BC072CBDF6 /* Pods_WorkList.framework */ = {isa = PBXFileReference; explicitFileType = wrapper.framework; includeInIndex = 0; path = Pods_WorkList.framework; sourceTree = BUILT_PRODUCTS_DIR; };
		0A8E46BF8B5EFBB2B0876483 /* Pods-WorkListUITests.debug.xcconfig */ = {isa = PBXFileReference; includeInIndex = 1; lastKnownFileType = text.xcconfig; name = "Pods-WorkListUITests.debug.xcconfig"; path = "Pods/Target Support Files/Pods-WorkListUITests/Pods-WorkListUITests.debug.xcconfig"; sourceTree = "<group>"; };
		4456212590B0A1F9E9CF1EE4 /* Pods_WorkListUITests.framework */ = {isa = PBXFileReference; explicitFileType = wrapper.framework; includeInIndex = 0; path = Pods_WorkListUITests.framework; sourceTree = BUILT_PRODUCTS_DIR; };
		4D40415B6A24299863A514F9 /* Pods-WorkListUITests.release.xcconfig */ = {isa = PBXFileReference; includeInIndex = 1; lastKnownFileType = text.xcconfig; name = "Pods-WorkListUITests.release.xcconfig"; path = "Pods/Target Support Files/Pods-WorkListUITests/Pods-WorkListUITests.release.xcconfig"; sourceTree = "<group>"; };
		540CB5481F258E410058C1CC /* Date+Extension.swift */ = {isa = PBXFileReference; fileEncoding = 4; lastKnownFileType = sourcecode.swift; path = "Date+Extension.swift"; sourceTree = "<group>"; };
		540CB5891F25CEDB0058C1CC /* delete.png */ = {isa = PBXFileReference; lastKnownFileType = image.png; path = delete.png; sourceTree = "<group>"; };
		540CB58A1F25CEDB0058C1CC /* reEdit.png */ = {isa = PBXFileReference; lastKnownFileType = image.png; path = reEdit.png; sourceTree = "<group>"; };
		540CB58D1F25EEC40058C1CC /* EditButton.swift */ = {isa = PBXFileReference; fileEncoding = 4; lastKnownFileType = sourcecode.swift; path = EditButton.swift; sourceTree = "<group>"; };
		540CB58F1F25EFF60058C1CC /* write.png */ = {isa = PBXFileReference; lastKnownFileType = image.png; path = write.png; sourceTree = "<group>"; };
		540CB5911F2839A60058C1CC /* TextEditView.swift */ = {isa = PBXFileReference; fileEncoding = 4; lastKnownFileType = sourcecode.swift; path = TextEditView.swift; sourceTree = "<group>"; };
		540CB5931F2878B40058C1CC /* ClockView.swift */ = {isa = PBXFileReference; fileEncoding = 4; lastKnownFileType = sourcecode.swift; path = ClockView.swift; sourceTree = "<group>"; };
		540CB5951F28B32C0058C1CC /* PullHeaderView.swift */ = {isa = PBXFileReference; fileEncoding = 4; lastKnownFileType = sourcecode.swift; path = PullHeaderView.swift; sourceTree = "<group>"; };
		540CB5971F299E850058C1CC /* FocusModelViewController.swift */ = {isa = PBXFileReference; fileEncoding = 4; lastKnownFileType = sourcecode.swift; path = FocusModelViewController.swift; sourceTree = "<group>"; };
		540CB59B1F29DC720058C1CC /* CountTimeView.swift */ = {isa = PBXFileReference; fileEncoding = 4; lastKnownFileType = sourcecode.swift; path = CountTimeView.swift; sourceTree = "<group>"; };
		540CB59D1F2B0D020058C1CC /* SingleOnce.swift */ = {isa = PBXFileReference; fileEncoding = 4; lastKnownFileType = sourcecode.swift; path = SingleOnce.swift; sourceTree = "<group>"; };
		540CB59F1F2B45220058C1CC /* SearchTaskViewController.swift */ = {isa = PBXFileReference; fileEncoding = 4; lastKnownFileType = sourcecode.swift; path = SearchTaskViewController.swift; sourceTree = "<group>"; };
		542295FE1F185E39009EBADD /* WorkList.app */ = {isa = PBXFileReference; explicitFileType = wrapper.application; includeInIndex = 0; path = WorkList.app; sourceTree = BUILT_PRODUCTS_DIR; };
		542296011F185E39009EBADD /* AppDelegate.swift */ = {isa = PBXFileReference; lastKnownFileType = sourcecode.swift; path = AppDelegate.swift; sourceTree = "<group>"; };
		542296061F185E39009EBADD /* Base */ = {isa = PBXFileReference; lastKnownFileType = file.storyboard; name = Base; path = Base.lproj/Main.storyboard; sourceTree = "<group>"; };
		542296081F185E39009EBADD /* Assets.xcassets */ = {isa = PBXFileReference; lastKnownFileType = folder.assetcatalog; path = Assets.xcassets; sourceTree = "<group>"; };
		5422960B1F185E39009EBADD /* Base */ = {isa = PBXFileReference; lastKnownFileType = file.storyboard; name = Base; path = Base.lproj/LaunchScreen.storyboard; sourceTree = "<group>"; };
		5422960D1F185E39009EBADD /* Info.plist */ = {isa = PBXFileReference; lastKnownFileType = text.plist.xml; path = Info.plist; sourceTree = "<group>"; };
		542296121F185E39009EBADD /* WorkListTests.xctest */ = {isa = PBXFileReference; explicitFileType = wrapper.cfbundle; includeInIndex = 0; path = WorkListTests.xctest; sourceTree = BUILT_PRODUCTS_DIR; };
		542296161F185E39009EBADD /* WorkListTests.swift */ = {isa = PBXFileReference; lastKnownFileType = sourcecode.swift; path = WorkListTests.swift; sourceTree = "<group>"; };
		542296181F185E39009EBADD /* Info.plist */ = {isa = PBXFileReference; lastKnownFileType = text.plist.xml; path = Info.plist; sourceTree = "<group>"; };
		5422961D1F185E39009EBADD /* WorkListUITests.xctest */ = {isa = PBXFileReference; explicitFileType = wrapper.cfbundle; includeInIndex = 0; path = WorkListUITests.xctest; sourceTree = BUILT_PRODUCTS_DIR; };
		542296211F185E39009EBADD /* WorkListUITests.swift */ = {isa = PBXFileReference; lastKnownFileType = sourcecode.swift; path = WorkListUITests.swift; sourceTree = "<group>"; };
		542296231F185E39009EBADD /* Info.plist */ = {isa = PBXFileReference; lastKnownFileType = text.plist.xml; path = Info.plist; sourceTree = "<group>"; };
		54534F7D1F1F405C00C3C7AA /* close.png */ = {isa = PBXFileReference; lastKnownFileType = image.png; path = close.png; sourceTree = "<group>"; };
		54534F7F1F1F405C00C3C7AA /* setting.png */ = {isa = PBXFileReference; lastKnownFileType = image.png; path = setting.png; sourceTree = "<group>"; };
		54534F831F1F420C00C3C7AA /* suiji.png */ = {isa = PBXFileReference; lastKnownFileType = image.png; path = suiji.png; sourceTree = "<group>"; };
		54534F851F1F422100C3C7AA /* naozhong.png */ = {isa = PBXFileReference; lastKnownFileType = image.png; path = naozhong.png; sourceTree = "<group>"; };
		54534F871F20C99200C3C7AA /* MainViewController.swift */ = {isa = PBXFileReference; fileEncoding = 4; lastKnownFileType = sourcecode.swift; path = MainViewController.swift; sourceTree = "<group>"; };
		54534F891F20CA4C00C3C7AA /* Task.swift */ = {isa = PBXFileReference; fileEncoding = 4; lastKnownFileType = sourcecode.swift; path = Task.swift; sourceTree = "<group>"; };
		54534F8B1F21B10200C3C7AA /* MainTableViewCell.swift */ = {isa = PBXFileReference; fileEncoding = 4; lastKnownFileType = sourcecode.swift; path = MainTableViewCell.swift; sourceTree = "<group>"; };
		54534F8D1F21D9DC00C3C7AA /* UILabel+Extension.swift */ = {isa = PBXFileReference; fileEncoding = 4; lastKnownFileType = sourcecode.swift; path = "UILabel+Extension.swift"; sourceTree = "<group>"; };
		7ACD39CC6D437D5879290359 /* Pods-WorkListTests.release.xcconfig */ = {isa = PBXFileReference; includeInIndex = 1; lastKnownFileType = text.xcconfig; name = "Pods-WorkListTests.release.xcconfig"; path = "Pods/Target Support Files/Pods-WorkListTests/Pods-WorkListTests.release.xcconfig"; sourceTree = "<group>"; };
		ABCBF1A81F19C7FF00221E00 /* BaseViewController.swift */ = {isa = PBXFileReference; fileEncoding = 4; lastKnownFileType = sourcecode.swift; path = BaseViewController.swift; sourceTree = "<group>"; };
		ABCBF1AA1F19C83A00221E00 /* BaseNavigationController.swift */ = {isa = PBXFileReference; fileEncoding = 4; lastKnownFileType = sourcecode.swift; path = BaseNavigationController.swift; sourceTree = "<group>"; };
		ABCBF1AC1F19C87C00221E00 /* ProjectSetting.swift */ = {isa = PBXFileReference; fileEncoding = 4; lastKnownFileType = sourcecode.swift; path = ProjectSetting.swift; sourceTree = "<group>"; };
		ABCBF1AE1F19C97700221E00 /* Color.swift */ = {isa = PBXFileReference; fileEncoding = 4; lastKnownFileType = sourcecode.swift; path = Color.swift; sourceTree = "<group>"; };
		ABCBF1BF1F1A18DE00221E00 /* DataManager.swift */ = {isa = PBXFileReference; fileEncoding = 4; lastKnownFileType = sourcecode.swift; path = DataManager.swift; sourceTree = "<group>"; };
		ABCBF1C11F1A1FAA00221E00 /* Realm.framework */ = {isa = PBXFileReference; lastKnownFileType = wrapper.framework; path = Realm.framework; sourceTree = "<group>"; };
		ABCBF1C21F1A1FAA00221E00 /* RealmSwift.framework */ = {isa = PBXFileReference; lastKnownFileType = wrapper.framework; path = RealmSwift.framework; sourceTree = "<group>"; };
		ABDDB04A1F1B543B00C4B986 /* Delay.swift */ = {isa = PBXFileReference; fileEncoding = 4; lastKnownFileType = sourcecode.swift; path = Delay.swift; sourceTree = "<group>"; };
		B1FCC0B04594C99DF126C57A /* Pods_WorkListTests.framework */ = {isa = PBXFileReference; explicitFileType = wrapper.framework; includeInIndex = 0; path = Pods_WorkListTests.framework; sourceTree = BUILT_PRODUCTS_DIR; };
		B70E85C464CF470B274E77E2 /* Pods-WorkList.debug.xcconfig */ = {isa = PBXFileReference; includeInIndex = 1; lastKnownFileType = text.xcconfig; name = "Pods-WorkList.debug.xcconfig"; path = "Pods/Target Support Files/Pods-WorkList/Pods-WorkList.debug.xcconfig"; sourceTree = "<group>"; };
		E54E4EBB1A9622DB985DD151 /* Pods-WorkListTests.debug.xcconfig */ = {isa = PBXFileReference; includeInIndex = 1; lastKnownFileType = text.xcconfig; name = "Pods-WorkListTests.debug.xcconfig"; path = "Pods/Target Support Files/Pods-WorkListTests/Pods-WorkListTests.debug.xcconfig"; sourceTree = "<group>"; };
		F19C90191450C1A12D5383C8 /* Pods-WorkList.release.xcconfig */ = {isa = PBXFileReference; includeInIndex = 1; lastKnownFileType = text.xcconfig; name = "Pods-WorkList.release.xcconfig"; path = "Pods/Target Support Files/Pods-WorkList/Pods-WorkList.release.xcconfig"; sourceTree = "<group>"; };
/* End PBXFileReference section */

/* Begin PBXFrameworksBuildPhase section */
		542295FB1F185E39009EBADD /* Frameworks */ = {
			isa = PBXFrameworksBuildPhase;
			buildActionMask = 2147483647;
			files = (
				ABCBF1C31F1A1FAA00221E00 /* Realm.framework in Frameworks */,
				EB468490A5FCA961204E0891 /* Pods_WorkList.framework in Frameworks */,
				ABCBF1C51F1A1FAA00221E00 /* RealmSwift.framework in Frameworks */,
			);
			runOnlyForDeploymentPostprocessing = 0;
		};
		5422960F1F185E39009EBADD /* Frameworks */ = {
			isa = PBXFrameworksBuildPhase;
			buildActionMask = 2147483647;
			files = (
				9903D17F98DE9E2598C13C08 /* Pods_WorkListTests.framework in Frameworks */,
			);
			runOnlyForDeploymentPostprocessing = 0;
		};
		5422961A1F185E39009EBADD /* Frameworks */ = {
			isa = PBXFrameworksBuildPhase;
			buildActionMask = 2147483647;
			files = (
				B58BACE12D3689B9188FD385 /* Pods_WorkListUITests.framework in Frameworks */,
			);
			runOnlyForDeploymentPostprocessing = 0;
		};
/* End PBXFrameworksBuildPhase section */

/* Begin PBXGroup section */
		542295F51F185E39009EBADD = {
			isa = PBXGroup;
			children = (
				542296001F185E39009EBADD /* WorkList */,
				542296151F185E39009EBADD /* WorkListTests */,
				542296201F185E39009EBADD /* WorkListUITests */,
				542295FF1F185E39009EBADD /* Products */,
				8A611F09ED1539ADD69345A4 /* Pods */,
				6421025FA9C83DFA24C9892F /* Frameworks */,
			);
			sourceTree = "<group>";
		};
		542295FF1F185E39009EBADD /* Products */ = {
			isa = PBXGroup;
			children = (
				542295FE1F185E39009EBADD /* WorkList.app */,
				542296121F185E39009EBADD /* WorkListTests.xctest */,
				5422961D1F185E39009EBADD /* WorkListUITests.xctest */,
			);
			name = Products;
			sourceTree = "<group>";
		};
		542296001F185E39009EBADD /* WorkList */ = {
			isa = PBXGroup;
			children = (
				54534F701F1DB30E00C3C7AA /* Resource */,
				ABCBF1A41F19A81000221E00 /* Base */,
				ABCBF1A51F19A81000221E00 /* Extension */,
				ABCBF1A71F19A81000221E00 /* Setting */,
				ABCBF1B21F19DAAF00221E00 /* Class */,
				542296011F185E39009EBADD /* AppDelegate.swift */,
				542296051F185E39009EBADD /* Main.storyboard */,
				542296081F185E39009EBADD /* Assets.xcassets */,
				5422960A1F185E39009EBADD /* LaunchScreen.storyboard */,
				5422960D1F185E39009EBADD /* Info.plist */,
			);
			path = WorkList;
			sourceTree = "<group>";
		};
		542296151F185E39009EBADD /* WorkListTests */ = {
			isa = PBXGroup;
			children = (
				542296161F185E39009EBADD /* WorkListTests.swift */,
				542296181F185E39009EBADD /* Info.plist */,
			);
			path = WorkListTests;
			sourceTree = "<group>";
		};
		542296201F185E39009EBADD /* WorkListUITests */ = {
			isa = PBXGroup;
			children = (
				542296211F185E39009EBADD /* WorkListUITests.swift */,
				542296231F185E39009EBADD /* Info.plist */,
			);
			path = WorkListUITests;
			sourceTree = "<group>";
		};
		54534F701F1DB30E00C3C7AA /* Resource */ = {
			isa = PBXGroup;
			children = (
				540CB58F1F25EFF60058C1CC /* write.png */,
				540CB5891F25CEDB0058C1CC /* delete.png */,
				540CB58A1F25CEDB0058C1CC /* reEdit.png */,
				54534F831F1F420C00C3C7AA /* suiji.png */,
				54534F7D1F1F405C00C3C7AA /* close.png */,
				54534F7F1F1F405C00C3C7AA /* setting.png */,
				54534F851F1F422100C3C7AA /* naozhong.png */,
			);
			path = Resource;
			sourceTree = "<group>";
		};
		6421025FA9C83DFA24C9892F /* Frameworks */ = {
			isa = PBXGroup;
			children = (
				ABCBF1C11F1A1FAA00221E00 /* Realm.framework */,
				ABCBF1C21F1A1FAA00221E00 /* RealmSwift.framework */,
				098FDC188A1C43BC072CBDF6 /* Pods_WorkList.framework */,
				B1FCC0B04594C99DF126C57A /* Pods_WorkListTests.framework */,
				4456212590B0A1F9E9CF1EE4 /* Pods_WorkListUITests.framework */,
			);
			name = Frameworks;
			sourceTree = "<group>";
		};
		8A611F09ED1539ADD69345A4 /* Pods */ = {
			isa = PBXGroup;
			children = (
				B70E85C464CF470B274E77E2 /* Pods-WorkList.debug.xcconfig */,
				F19C90191450C1A12D5383C8 /* Pods-WorkList.release.xcconfig */,
				E54E4EBB1A9622DB985DD151 /* Pods-WorkListTests.debug.xcconfig */,
				7ACD39CC6D437D5879290359 /* Pods-WorkListTests.release.xcconfig */,
				0A8E46BF8B5EFBB2B0876483 /* Pods-WorkListUITests.debug.xcconfig */,
				4D40415B6A24299863A514F9 /* Pods-WorkListUITests.release.xcconfig */,
			);
			name = Pods;
			sourceTree = "<group>";
		};
		ABCBF1A41F19A81000221E00 /* Base */ = {
			isa = PBXGroup;
			children = (
				ABCBF1A81F19C7FF00221E00 /* BaseViewController.swift */,
				ABCBF1AA1F19C83A00221E00 /* BaseNavigationController.swift */,
			);
			path = Base;
			sourceTree = "<group>";
		};
		ABCBF1A51F19A81000221E00 /* Extension */ = {
			isa = PBXGroup;
			children = (
				ABCBF1AE1F19C97700221E00 /* Color.swift */,
				ABDDB04A1F1B543B00C4B986 /* Delay.swift */,
				54534F8D1F21D9DC00C3C7AA /* UILabel+Extension.swift */,
				540CB5481F258E410058C1CC /* Date+Extension.swift */,
			);
			path = Extension;
			sourceTree = "<group>";
		};
		ABCBF1A71F19A81000221E00 /* Setting */ = {
			isa = PBXGroup;
			children = (
				ABCBF1AC1F19C87C00221E00 /* ProjectSetting.swift */,
				540CB59D1F2B0D020058C1CC /* SingleOnce.swift */,
			);
			path = Setting;
			sourceTree = "<group>";
		};
		ABCBF1B21F19DAAF00221E00 /* Class */ = {
			isa = PBXGroup;
			children = (
				ABCBF1BE1F1A18C000221E00 /* DBManager */,
				ABCBF1B51F19DAF700221E00 /* Controller */,
				ABCBF1B71F19DAF700221E00 /* Model */,
				ABCBF1B81F19DAF700221E00 /* View */,
			);
			path = Class;
			sourceTree = "<group>";
		};
		ABCBF1B51F19DAF700221E00 /* Controller */ = {
			isa = PBXGroup;
			children = (
				54534F871F20C99200C3C7AA /* MainViewController.swift */,
				540CB5971F299E850058C1CC /* FocusModelViewController.swift */,
				540CB59F1F2B45220058C1CC /* SearchTaskViewController.swift */,
			);
			path = Controller;
			sourceTree = "<group>";
		};
		ABCBF1B71F19DAF700221E00 /* Model */ = {
			isa = PBXGroup;
			children = (
				54534F891F20CA4C00C3C7AA /* Task.swift */,
			);
			path = Model;
			sourceTree = "<group>";
		};
		ABCBF1B81F19DAF700221E00 /* View */ = {
			isa = PBXGroup;
			children = (
				54534F8B1F21B10200C3C7AA /* MainTableViewCell.swift */,
				540CB58D1F25EEC40058C1CC /* EditButton.swift */,
				540CB5911F2839A60058C1CC /* TextEditView.swift */,
				540CB5931F2878B40058C1CC /* ClockView.swift */,
				540CB5951F28B32C0058C1CC /* PullHeaderView.swift */,
				540CB59B1F29DC720058C1CC /* CountTimeView.swift */,
			);
			path = View;
			sourceTree = "<group>";
		};
		ABCBF1BE1F1A18C000221E00 /* DBManager */ = {
			isa = PBXGroup;
			children = (
				ABCBF1BF1F1A18DE00221E00 /* DataManager.swift */,
			);
			path = DBManager;
			sourceTree = "<group>";
		};
/* End PBXGroup section */

/* Begin PBXNativeTarget section */
		542295FD1F185E39009EBADD /* WorkList */ = {
			isa = PBXNativeTarget;
			buildConfigurationList = 542296261F185E39009EBADD /* Build configuration list for PBXNativeTarget "WorkList" */;
			buildPhases = (
				A06D8A2FAF464568756470A7 /* [CP] Check Pods Manifest.lock */,
				542295FA1F185E39009EBADD /* Sources */,
				542295FB1F185E39009EBADD /* Frameworks */,
				542295FC1F185E39009EBADD /* Resources */,
				0261F9A7A43E5418354C320B /* [CP] Embed Pods Frameworks */,
				C6492EC2CE78C896C5E257A3 /* [CP] Copy Pods Resources */,
				ABCBF1C71F1A1FAA00221E00 /* Embed Frameworks */,
			);
			buildRules = (
			);
			dependencies = (
			);
			name = WorkList;
			productName = WorkList;
			productReference = 542295FE1F185E39009EBADD /* WorkList.app */;
			productType = "com.apple.product-type.application";
		};
		542296111F185E39009EBADD /* WorkListTests */ = {
			isa = PBXNativeTarget;
			buildConfigurationList = 542296291F185E39009EBADD /* Build configuration list for PBXNativeTarget "WorkListTests" */;
			buildPhases = (
				346A0702DD2B52DA32195C8B /* [CP] Check Pods Manifest.lock */,
				5422960E1F185E39009EBADD /* Sources */,
				5422960F1F185E39009EBADD /* Frameworks */,
				542296101F185E39009EBADD /* Resources */,
				A942031F0C493F1D063C7E12 /* [CP] Embed Pods Frameworks */,
				42FBB0541A2A932680BE1EE5 /* [CP] Copy Pods Resources */,
			);
			buildRules = (
			);
			dependencies = (
				542296141F185E39009EBADD /* PBXTargetDependency */,
			);
			name = WorkListTests;
			productName = WorkListTests;
			productReference = 542296121F185E39009EBADD /* WorkListTests.xctest */;
			productType = "com.apple.product-type.bundle.unit-test";
		};
		5422961C1F185E39009EBADD /* WorkListUITests */ = {
			isa = PBXNativeTarget;
			buildConfigurationList = 5422962C1F185E39009EBADD /* Build configuration list for PBXNativeTarget "WorkListUITests" */;
			buildPhases = (
				116FA6E0265F0434B05B31DA /* [CP] Check Pods Manifest.lock */,
				542296191F185E39009EBADD /* Sources */,
				5422961A1F185E39009EBADD /* Frameworks */,
				5422961B1F185E39009EBADD /* Resources */,
				6C9602E605854ED9DE767799 /* [CP] Embed Pods Frameworks */,
				56E9A9F1E52ED5C01D56D10A /* [CP] Copy Pods Resources */,
			);
			buildRules = (
			);
			dependencies = (
				5422961F1F185E39009EBADD /* PBXTargetDependency */,
			);
			name = WorkListUITests;
			productName = WorkListUITests;
			productReference = 5422961D1F185E39009EBADD /* WorkListUITests.xctest */;
			productType = "com.apple.product-type.bundle.ui-testing";
		};
/* End PBXNativeTarget section */

/* Begin PBXProject section */
		542295F61F185E39009EBADD /* Project object */ = {
			isa = PBXProject;
			attributes = {
				LastSwiftUpdateCheck = 0830;
				LastUpgradeCheck = 0830;
				ORGANIZATIONNAME = lzf;
				TargetAttributes = {
					542295FD1F185E39009EBADD = {
						CreatedOnToolsVersion = 8.3.1;
						DevelopmentTeam = J57B9DGDTL;
						ProvisioningStyle = Automatic;
					};
					542296111F185E39009EBADD = {
						CreatedOnToolsVersion = 8.3.1;
						ProvisioningStyle = Automatic;
						TestTargetID = 542295FD1F185E39009EBADD;
					};
					5422961C1F185E39009EBADD = {
						CreatedOnToolsVersion = 8.3.1;
						ProvisioningStyle = Automatic;
						TestTargetID = 542295FD1F185E39009EBADD;
					};
				};
			};
			buildConfigurationList = 542295F91F185E39009EBADD /* Build configuration list for PBXProject "WorkList" */;
			compatibilityVersion = "Xcode 3.2";
			developmentRegion = English;
			hasScannedForEncodings = 0;
			knownRegions = (
				en,
				Base,
			);
			mainGroup = 542295F51F185E39009EBADD;
			productRefGroup = 542295FF1F185E39009EBADD /* Products */;
			projectDirPath = "";
			projectRoot = "";
			targets = (
				542295FD1F185E39009EBADD /* WorkList */,
				542296111F185E39009EBADD /* WorkListTests */,
				5422961C1F185E39009EBADD /* WorkListUITests */,
			);
		};
/* End PBXProject section */

/* Begin PBXResourcesBuildPhase section */
		542295FC1F185E39009EBADD /* Resources */ = {
			isa = PBXResourcesBuildPhase;
			buildActionMask = 2147483647;
			files = (
				540CB58B1F25CEDB0058C1CC /* delete.png in Resources */,
				54534F801F1F405C00C3C7AA /* close.png in Resources */,
				5422960C1F185E39009EBADD /* LaunchScreen.storyboard in Resources */,
				542296091F185E39009EBADD /* Assets.xcassets in Resources */,
				542296071F185E39009EBADD /* Main.storyboard in Resources */,
				540CB58C1F25CEDB0058C1CC /* reEdit.png in Resources */,
				54534F861F1F422100C3C7AA /* naozhong.png in Resources */,
				54534F841F1F420C00C3C7AA /* suiji.png in Resources */,
				54534F821F1F405C00C3C7AA /* setting.png in Resources */,
				540CB5901F25EFF60058C1CC /* write.png in Resources */,
			);
			runOnlyForDeploymentPostprocessing = 0;
		};
		542296101F185E39009EBADD /* Resources */ = {
			isa = PBXResourcesBuildPhase;
			buildActionMask = 2147483647;
			files = (
			);
			runOnlyForDeploymentPostprocessing = 0;
		};
		5422961B1F185E39009EBADD /* Resources */ = {
			isa = PBXResourcesBuildPhase;
			buildActionMask = 2147483647;
			files = (
			);
			runOnlyForDeploymentPostprocessing = 0;
		};
/* End PBXResourcesBuildPhase section */

/* Begin PBXShellScriptBuildPhase section */
		0261F9A7A43E5418354C320B /* [CP] Embed Pods Frameworks */ = {
			isa = PBXShellScriptBuildPhase;
			buildActionMask = 2147483647;
			files = (
			);
			inputPaths = (
			);
			name = "[CP] Embed Pods Frameworks";
			outputPaths = (
			);
			runOnlyForDeploymentPostprocessing = 0;
			shellPath = /bin/sh;
			shellScript = "\"${SRCROOT}/Pods/Target Support Files/Pods-WorkList/Pods-WorkList-frameworks.sh\"\n";
			showEnvVarsInLog = 0;
		};
		116FA6E0265F0434B05B31DA /* [CP] Check Pods Manifest.lock */ = {
			isa = PBXShellScriptBuildPhase;
			buildActionMask = 2147483647;
			files = (
			);
			inputPaths = (
			);
			name = "[CP] Check Pods Manifest.lock";
			outputPaths = (
			);
			runOnlyForDeploymentPostprocessing = 0;
			shellPath = /bin/sh;
			shellScript = "diff \"${PODS_PODFILE_DIR_PATH}/Podfile.lock\" \"${PODS_ROOT}/Manifest.lock\" > /dev/null\nif [ $? != 0 ] ; then\n    # print error to STDERR\n    echo \"error: The sandbox is not in sync with the Podfile.lock. Run 'pod install' or update your CocoaPods installation.\" >&2\n    exit 1\nfi\n";
			showEnvVarsInLog = 0;
		};
		346A0702DD2B52DA32195C8B /* [CP] Check Pods Manifest.lock */ = {
			isa = PBXShellScriptBuildPhase;
			buildActionMask = 2147483647;
			files = (
			);
			inputPaths = (
			);
			name = "[CP] Check Pods Manifest.lock";
			outputPaths = (
			);
			runOnlyForDeploymentPostprocessing = 0;
			shellPath = /bin/sh;
			shellScript = "diff \"${PODS_PODFILE_DIR_PATH}/Podfile.lock\" \"${PODS_ROOT}/Manifest.lock\" > /dev/null\nif [ $? != 0 ] ; then\n    # print error to STDERR\n    echo \"error: The sandbox is not in sync with the Podfile.lock. Run 'pod install' or update your CocoaPods installation.\" >&2\n    exit 1\nfi\n";
			showEnvVarsInLog = 0;
		};
		42FBB0541A2A932680BE1EE5 /* [CP] Copy Pods Resources */ = {
			isa = PBXShellScriptBuildPhase;
			buildActionMask = 2147483647;
			files = (
			);
			inputPaths = (
			);
			name = "[CP] Copy Pods Resources";
			outputPaths = (
			);
			runOnlyForDeploymentPostprocessing = 0;
			shellPath = /bin/sh;
			shellScript = "\"${SRCROOT}/Pods/Target Support Files/Pods-WorkListTests/Pods-WorkListTests-resources.sh\"\n";
			showEnvVarsInLog = 0;
		};
		56E9A9F1E52ED5C01D56D10A /* [CP] Copy Pods Resources */ = {
			isa = PBXShellScriptBuildPhase;
			buildActionMask = 2147483647;
			files = (
			);
			inputPaths = (
			);
			name = "[CP] Copy Pods Resources";
			outputPaths = (
			);
			runOnlyForDeploymentPostprocessing = 0;
			shellPath = /bin/sh;
			shellScript = "\"${SRCROOT}/Pods/Target Support Files/Pods-WorkListUITests/Pods-WorkListUITests-resources.sh\"\n";
			showEnvVarsInLog = 0;
		};
		6C9602E605854ED9DE767799 /* [CP] Embed Pods Frameworks */ = {
			isa = PBXShellScriptBuildPhase;
			buildActionMask = 2147483647;
			files = (
			);
			inputPaths = (
			);
			name = "[CP] Embed Pods Frameworks";
			outputPaths = (
			);
			runOnlyForDeploymentPostprocessing = 0;
			shellPath = /bin/sh;
			shellScript = "\"${SRCROOT}/Pods/Target Support Files/Pods-WorkListUITests/Pods-WorkListUITests-frameworks.sh\"\n";
			showEnvVarsInLog = 0;
		};
		A06D8A2FAF464568756470A7 /* [CP] Check Pods Manifest.lock */ = {
			isa = PBXShellScriptBuildPhase;
			buildActionMask = 2147483647;
			files = (
			);
			inputPaths = (
			);
			name = "[CP] Check Pods Manifest.lock";
			outputPaths = (
			);
			runOnlyForDeploymentPostprocessing = 0;
			shellPath = /bin/sh;
			shellScript = "diff \"${PODS_PODFILE_DIR_PATH}/Podfile.lock\" \"${PODS_ROOT}/Manifest.lock\" > /dev/null\nif [ $? != 0 ] ; then\n    # print error to STDERR\n    echo \"error: The sandbox is not in sync with the Podfile.lock. Run 'pod install' or update your CocoaPods installation.\" >&2\n    exit 1\nfi\n";
			showEnvVarsInLog = 0;
		};
		A942031F0C493F1D063C7E12 /* [CP] Embed Pods Frameworks */ = {
			isa = PBXShellScriptBuildPhase;
			buildActionMask = 2147483647;
			files = (
			);
			inputPaths = (
			);
			name = "[CP] Embed Pods Frameworks";
			outputPaths = (
			);
			runOnlyForDeploymentPostprocessing = 0;
			shellPath = /bin/sh;
			shellScript = "\"${SRCROOT}/Pods/Target Support Files/Pods-WorkListTests/Pods-WorkListTests-frameworks.sh\"\n";
			showEnvVarsInLog = 0;
		};
		C6492EC2CE78C896C5E257A3 /* [CP] Copy Pods Resources */ = {
			isa = PBXShellScriptBuildPhase;
			buildActionMask = 2147483647;
			files = (
			);
			inputPaths = (
			);
			name = "[CP] Copy Pods Resources";
			outputPaths = (
			);
			runOnlyForDeploymentPostprocessing = 0;
			shellPath = /bin/sh;
			shellScript = "\"${SRCROOT}/Pods/Target Support Files/Pods-WorkList/Pods-WorkList-resources.sh\"\n";
			showEnvVarsInLog = 0;
		};
/* End PBXShellScriptBuildPhase section */

/* Begin PBXSourcesBuildPhase section */
		542295FA1F185E39009EBADD /* Sources */ = {
			isa = PBXSourcesBuildPhase;
			buildActionMask = 2147483647;
			files = (
				540CB5961F28B32C0058C1CC /* PullHeaderView.swift in Sources */,
				54534F8E1F21D9DC00C3C7AA /* UILabel+Extension.swift in Sources */,
				540CB5981F299E850058C1CC /* FocusModelViewController.swift in Sources */,
				540CB5941F2878B40058C1CC /* ClockView.swift in Sources */,
				540CB5921F2839A60058C1CC /* TextEditView.swift in Sources */,
				540CB5A01F2B45220058C1CC /* SearchTaskViewController.swift in Sources */,
				ABCBF1AB1F19C83A00221E00 /* BaseNavigationController.swift in Sources */,
				542296021F185E39009EBADD /* AppDelegate.swift in Sources */,
				540CB59C1F29DC720058C1CC /* CountTimeView.swift in Sources */,
				ABCBF1AD1F19C87C00221E00 /* ProjectSetting.swift in Sources */,
				ABCBF1A91F19C7FF00221E00 /* BaseViewController.swift in Sources */,
				540CB58E1F25EEC40058C1CC /* EditButton.swift in Sources */,
				540CB5491F258E410058C1CC /* Date+Extension.swift in Sources */,
				54534F8C1F21B10200C3C7AA /* MainTableViewCell.swift in Sources */,
				ABDDB04B1F1B543B00C4B986 /* Delay.swift in Sources */,
				540CB59E1F2B0D030058C1CC /* SingleOnce.swift in Sources */,
				ABCBF1C01F1A18DE00221E00 /* DataManager.swift in Sources */,
				ABCBF1AF1F19C97700221E00 /* Color.swift in Sources */,
				54534F8A1F20CA4C00C3C7AA /* Task.swift in Sources */,
				54534F881F20C99200C3C7AA /* MainViewController.swift in Sources */,
			);
			runOnlyForDeploymentPostprocessing = 0;
		};
		5422960E1F185E39009EBADD /* Sources */ = {
			isa = PBXSourcesBuildPhase;
			buildActionMask = 2147483647;
			files = (
				542296171F185E39009EBADD /* WorkListTests.swift in Sources */,
			);
			runOnlyForDeploymentPostprocessing = 0;
		};
		542296191F185E39009EBADD /* Sources */ = {
			isa = PBXSourcesBuildPhase;
			buildActionMask = 2147483647;
			files = (
				542296221F185E39009EBADD /* WorkListUITests.swift in Sources */,
			);
			runOnlyForDeploymentPostprocessing = 0;
		};
/* End PBXSourcesBuildPhase section */

/* Begin PBXTargetDependency section */
		542296141F185E39009EBADD /* PBXTargetDependency */ = {
			isa = PBXTargetDependency;
			target = 542295FD1F185E39009EBADD /* WorkList */;
			targetProxy = 542296131F185E39009EBADD /* PBXContainerItemProxy */;
		};
		5422961F1F185E39009EBADD /* PBXTargetDependency */ = {
			isa = PBXTargetDependency;
			target = 542295FD1F185E39009EBADD /* WorkList */;
			targetProxy = 5422961E1F185E39009EBADD /* PBXContainerItemProxy */;
		};
/* End PBXTargetDependency section */

/* Begin PBXVariantGroup section */
		542296051F185E39009EBADD /* Main.storyboard */ = {
			isa = PBXVariantGroup;
			children = (
				542296061F185E39009EBADD /* Base */,
			);
			name = Main.storyboard;
			sourceTree = "<group>";
		};
		5422960A1F185E39009EBADD /* LaunchScreen.storyboard */ = {
			isa = PBXVariantGroup;
			children = (
				5422960B1F185E39009EBADD /* Base */,
			);
			name = LaunchScreen.storyboard;
			sourceTree = "<group>";
		};
/* End PBXVariantGroup section */

/* Begin XCBuildConfiguration section */
		542296241F185E39009EBADD /* Debug */ = {
			isa = XCBuildConfiguration;
			buildSettings = {
				ALWAYS_SEARCH_USER_PATHS = NO;
				CLANG_ANALYZER_NONNULL = YES;
				CLANG_ANALYZER_NUMBER_OBJECT_CONVERSION = YES_AGGRESSIVE;
				CLANG_CXX_LANGUAGE_STANDARD = "gnu++0x";
				CLANG_CXX_LIBRARY = "libc++";
				CLANG_ENABLE_MODULES = YES;
				CLANG_ENABLE_OBJC_ARC = YES;
				CLANG_WARN_BOOL_CONVERSION = YES;
				CLANG_WARN_CONSTANT_CONVERSION = YES;
				CLANG_WARN_DIRECT_OBJC_ISA_USAGE = YES_ERROR;
				CLANG_WARN_DOCUMENTATION_COMMENTS = YES;
				CLANG_WARN_EMPTY_BODY = YES;
				CLANG_WARN_ENUM_CONVERSION = YES;
				CLANG_WARN_INFINITE_RECURSION = YES;
				CLANG_WARN_INT_CONVERSION = YES;
				CLANG_WARN_OBJC_ROOT_CLASS = YES_ERROR;
				CLANG_WARN_SUSPICIOUS_MOVE = YES;
				CLANG_WARN_UNREACHABLE_CODE = YES;
				CLANG_WARN__DUPLICATE_METHOD_MATCH = YES;
				"CODE_SIGN_IDENTITY[sdk=iphoneos*]" = "iPhone Developer";
				COPY_PHASE_STRIP = NO;
				DEBUG_INFORMATION_FORMAT = dwarf;
				ENABLE_STRICT_OBJC_MSGSEND = YES;
				ENABLE_TESTABILITY = YES;
				GCC_C_LANGUAGE_STANDARD = gnu99;
				GCC_DYNAMIC_NO_PIC = NO;
				GCC_NO_COMMON_BLOCKS = YES;
				GCC_OPTIMIZATION_LEVEL = 0;
				GCC_PREPROCESSOR_DEFINITIONS = (
					"DEBUG=1",
					"$(inherited)",
				);
				GCC_WARN_64_TO_32_BIT_CONVERSION = YES;
				GCC_WARN_ABOUT_RETURN_TYPE = YES_ERROR;
				GCC_WARN_UNDECLARED_SELECTOR = YES;
				GCC_WARN_UNINITIALIZED_AUTOS = YES_AGGRESSIVE;
				GCC_WARN_UNUSED_FUNCTION = YES;
				GCC_WARN_UNUSED_VARIABLE = YES;
				IPHONEOS_DEPLOYMENT_TARGET = 10.3;
				MTL_ENABLE_DEBUG_INFO = YES;
				ONLY_ACTIVE_ARCH = YES;
				SDKROOT = iphoneos;
				SWIFT_ACTIVE_COMPILATION_CONDITIONS = DEBUG;
				SWIFT_OPTIMIZATION_LEVEL = "-Onone";
				TARGETED_DEVICE_FAMILY = "1,2";
			};
			name = Debug;
		};
		542296251F185E39009EBADD /* Release */ = {
			isa = XCBuildConfiguration;
			buildSettings = {
				ALWAYS_SEARCH_USER_PATHS = NO;
				CLANG_ANALYZER_NONNULL = YES;
				CLANG_ANALYZER_NUMBER_OBJECT_CONVERSION = YES_AGGRESSIVE;
				CLANG_CXX_LANGUAGE_STANDARD = "gnu++0x";
				CLANG_CXX_LIBRARY = "libc++";
				CLANG_ENABLE_MODULES = YES;
				CLANG_ENABLE_OBJC_ARC = YES;
				CLANG_WARN_BOOL_CONVERSION = YES;
				CLANG_WARN_CONSTANT_CONVERSION = YES;
				CLANG_WARN_DIRECT_OBJC_ISA_USAGE = YES_ERROR;
				CLANG_WARN_DOCUMENTATION_COMMENTS = YES;
				CLANG_WARN_EMPTY_BODY = YES;
				CLANG_WARN_ENUM_CONVERSION = YES;
				CLANG_WARN_INFINITE_RECURSION = YES;
				CLANG_WARN_INT_CONVERSION = YES;
				CLANG_WARN_OBJC_ROOT_CLASS = YES_ERROR;
				CLANG_WARN_SUSPICIOUS_MOVE = YES;
				CLANG_WARN_UNREACHABLE_CODE = YES;
				CLANG_WARN__DUPLICATE_METHOD_MATCH = YES;
				"CODE_SIGN_IDENTITY[sdk=iphoneos*]" = "iPhone Developer";
				COPY_PHASE_STRIP = NO;
				DEBUG_INFORMATION_FORMAT = "dwarf-with-dsym";
				ENABLE_NS_ASSERTIONS = NO;
				ENABLE_STRICT_OBJC_MSGSEND = YES;
				GCC_C_LANGUAGE_STANDARD = gnu99;
				GCC_NO_COMMON_BLOCKS = YES;
				GCC_WARN_64_TO_32_BIT_CONVERSION = YES;
				GCC_WARN_ABOUT_RETURN_TYPE = YES_ERROR;
				GCC_WARN_UNDECLARED_SELECTOR = YES;
				GCC_WARN_UNINITIALIZED_AUTOS = YES_AGGRESSIVE;
				GCC_WARN_UNUSED_FUNCTION = YES;
				GCC_WARN_UNUSED_VARIABLE = YES;
				IPHONEOS_DEPLOYMENT_TARGET = 10.3;
				MTL_ENABLE_DEBUG_INFO = NO;
				SDKROOT = iphoneos;
				SWIFT_OPTIMIZATION_LEVEL = "-Owholemodule";
				TARGETED_DEVICE_FAMILY = "1,2";
				VALIDATE_PRODUCT = YES;
			};
			name = Release;
		};
		542296271F185E39009EBADD /* Debug */ = {
			isa = XCBuildConfiguration;
			baseConfigurationReference = B70E85C464CF470B274E77E2 /* Pods-WorkList.debug.xcconfig */;
			buildSettings = {
				ASSETCATALOG_COMPILER_APPICON_NAME = AppIcon;
				DEVELOPMENT_TEAM = J57B9DGDTL;
				FRAMEWORK_SEARCH_PATHS = (
					"$(inherited)",
					"$(PROJECT_DIR)",
				);
				INFOPLIST_FILE = WorkList/Info.plist;
				IPHONEOS_DEPLOYMENT_TARGET = 9.0;
				LD_RUNPATH_SEARCH_PATHS = "$(inherited) @executable_path/Frameworks";
				PRODUCT_BUNDLE_IDENTIFIER = com.lzf.WorkList;
				PRODUCT_NAME = "$(TARGET_NAME)";
				SWIFT_VERSION = 3.0;
			};
			name = Debug;
		};
		542296281F185E39009EBADD /* Release */ = {
			isa = XCBuildConfiguration;
			baseConfigurationReference = F19C90191450C1A12D5383C8 /* Pods-WorkList.release.xcconfig */;
			buildSettings = {
				ASSETCATALOG_COMPILER_APPICON_NAME = AppIcon;
				DEVELOPMENT_TEAM = J57B9DGDTL;
				FRAMEWORK_SEARCH_PATHS = (
					"$(inherited)",
					"$(PROJECT_DIR)",
				);
				INFOPLIST_FILE = WorkList/Info.plist;
				IPHONEOS_DEPLOYMENT_TARGET = 9.0;
				LD_RUNPATH_SEARCH_PATHS = "$(inherited) @executable_path/Frameworks";
				PRODUCT_BUNDLE_IDENTIFIER = com.lzf.WorkList;
				PRODUCT_NAME = "$(TARGET_NAME)";
				SWIFT_VERSION = 3.0;
			};
			name = Release;
		};
		5422962A1F185E39009EBADD /* Debug */ = {
			isa = XCBuildConfiguration;
			baseConfigurationReference = E54E4EBB1A9622DB985DD151 /* Pods-WorkListTests.debug.xcconfig */;
			buildSettings = {
				ALWAYS_EMBED_SWIFT_STANDARD_LIBRARIES = "$(inherited)";
				BUNDLE_LOADER = "$(TEST_HOST)";
				INFOPLIST_FILE = WorkListTests/Info.plist;
				LD_RUNPATH_SEARCH_PATHS = "$(inherited) @executable_path/Frameworks @loader_path/Frameworks";
				PRODUCT_BUNDLE_IDENTIFIER = com.lzf.WorkListTests;
				PRODUCT_NAME = "$(TARGET_NAME)";
				SWIFT_VERSION = 3.0;
				TEST_HOST = "$(BUILT_PRODUCTS_DIR)/WorkList.app/WorkList";
			};
			name = Debug;
		};
		5422962B1F185E39009EBADD /* Release */ = {
			isa = XCBuildConfiguration;
			baseConfigurationReference = 7ACD39CC6D437D5879290359 /* Pods-WorkListTests.release.xcconfig */;
			buildSettings = {
				ALWAYS_EMBED_SWIFT_STANDARD_LIBRARIES = "$(inherited)";
				BUNDLE_LOADER = "$(TEST_HOST)";
				INFOPLIST_FILE = WorkListTests/Info.plist;
				LD_RUNPATH_SEARCH_PATHS = "$(inherited) @executable_path/Frameworks @loader_path/Frameworks";
				PRODUCT_BUNDLE_IDENTIFIER = com.lzf.WorkListTests;
				PRODUCT_NAME = "$(TARGET_NAME)";
				SWIFT_VERSION = 3.0;
				TEST_HOST = "$(BUILT_PRODUCTS_DIR)/WorkList.app/WorkList";
			};
			name = Release;
		};
		5422962D1F185E39009EBADD /* Debug */ = {
			isa = XCBuildConfiguration;
			baseConfigurationReference = 0A8E46BF8B5EFBB2B0876483 /* Pods-WorkListUITests.debug.xcconfig */;
			buildSettings = {
				ALWAYS_EMBED_SWIFT_STANDARD_LIBRARIES = "$(inherited)";
				INFOPLIST_FILE = WorkListUITests/Info.plist;
				LD_RUNPATH_SEARCH_PATHS = "$(inherited) @executable_path/Frameworks @loader_path/Frameworks";
				PRODUCT_BUNDLE_IDENTIFIER = com.lzf.WorkListUITests;
				PRODUCT_NAME = "$(TARGET_NAME)";
				SWIFT_VERSION = 3.0;
				TEST_TARGET_NAME = WorkList;
			};
			name = Debug;
		};
		5422962E1F185E39009EBADD /* Release */ = {
			isa = XCBuildConfiguration;
			baseConfigurationReference = 4D40415B6A24299863A514F9 /* Pods-WorkListUITests.release.xcconfig */;
			buildSettings = {
				ALWAYS_EMBED_SWIFT_STANDARD_LIBRARIES = "$(inherited)";
				INFOPLIST_FILE = WorkListUITests/Info.plist;
				LD_RUNPATH_SEARCH_PATHS = "$(inherited) @executable_path/Frameworks @loader_path/Frameworks";
				PRODUCT_BUNDLE_IDENTIFIER = com.lzf.WorkListUITests;
				PRODUCT_NAME = "$(TARGET_NAME)";
				SWIFT_VERSION = 3.0;
				TEST_TARGET_NAME = WorkList;
			};
			name = Release;
		};
/* End XCBuildConfiguration section */

/* Begin XCConfigurationList section */
		542295F91F185E39009EBADD /* Build configuration list for PBXProject "WorkList" */ = {
			isa = XCConfigurationList;
			buildConfigurations = (
				542296241F185E39009EBADD /* Debug */,
				542296251F185E39009EBADD /* Release */,
			);
			defaultConfigurationIsVisible = 0;
			defaultConfigurationName = Release;
		};
		542296261F185E39009EBADD /* Build configuration list for PBXNativeTarget "WorkList" */ = {
			isa = XCConfigurationList;
			buildConfigurations = (
				542296271F185E39009EBADD /* Debug */,
				542296281F185E39009EBADD /* Release */,
			);
			defaultConfigurationIsVisible = 0;
			defaultConfigurationName = Release;
		};
		542296291F185E39009EBADD /* Build configuration list for PBXNativeTarget "WorkListTests" */ = {
			isa = XCConfigurationList;
			buildConfigurations = (
				5422962A1F185E39009EBADD /* Debug */,
				5422962B1F185E39009EBADD /* Release */,
			);
			defaultConfigurationIsVisible = 0;
			defaultConfigurationName = Release;
		};
		5422962C1F185E39009EBADD /* Build configuration list for PBXNativeTarget "WorkListUITests" */ = {
			isa = XCConfigurationList;
			buildConfigurations = (
				5422962D1F185E39009EBADD /* Debug */,
				5422962E1F185E39009EBADD /* Release */,
			);
			defaultConfigurationIsVisible = 0;
			defaultConfigurationName = Release;
		};
/* End XCConfigurationList section */
	};
	rootObject = 542295F61F185E39009EBADD /* Project object */;
}
